
Microsoft Visual Studio Solution File, Format Version 12.00
# Visual Studio Version 16
VisualStudioVersion = 16.0.29102.190
MinimumVisualStudioVersion = 10.0.40219.1
Project("{FAE04EC0-301F-11D3-BF4B-00C04F79EFBC}") = "VisionPlatform.Wpf", "VisionPlatform.Wpf\VisionPlatform.Wpf.csproj", "{216A4660-18B8-4C71-B964-744681B43186}"
EndProject
Project("{FAE04EC0-301F-11D3-BF4B-00C04F79EFBC}") = "VisionPlatform.BaseType", "VisionPlatform.BaseType\VisionPlatform.BaseType.csproj", "{F62C07D9-B7B1-45F3-BD66-9ABC817C3960}"
EndProject
Project("{FAE04EC0-301F-11D3-BF4B-00C04F79EFBC}") = "VisionPlatform.Core", "VisionPlatform.Core\VisionPlatform.Core.csproj", "{C67FD7FF-D5FC-4DB9-8EFD-4EA53D40F633}"
EndProject
Project("{2150E333-8FDC-42A3-9474-1A3956D46DE8}") = "VisionPlatform.VisionFrame", "VisionPlatform.VisionFrame", "{1B2A17D6-9F0F-4BA5-930A-84CDEE2C0137}"
EndProject
Project("{2150E333-8FDC-42A3-9474-1A3956D46DE8}") = "VisionPlatform.VisionOperation", "VisionPlatform.VisionOperation", "{43F9884C-8AC0-4BF0-9D15-99B79D5332B6}"
EndProject
Project("{2150E333-8FDC-42A3-9474-1A3956D46DE8}") = "Sample", "Sample", "{4AC99A33-CEED-4C72-A72A-0EF744579B50}"
EndProject
Project("{FAE04EC0-301F-11D3-BF4B-00C04F79EFBC}") = "VisionPlatformDemo", "Sample\VisionPlatformDemo\VisionPlatformDemo.csproj", "{5B3A3249-D01F-4A43-98AC-4FB4CEEB7ECC}"
EndProject
Project("{2150E333-8FDC-42A3-9474-1A3956D46DE8}") = "VisionPlatform.Robot", "VisionPlatform.Robot", "{5393BE8A-BC75-413F-9182-10D785446D34}"
EndProject
Project("{FAE04EC0-301F-11D3-BF4B-00C04F79EFBC}") = "VisionPlatform.IRobot", "VisionPlatform.Robot\VisionPlatform.IRobot\VisionPlatform.IRobot.csproj", "{5E9CC37A-CBBC-405E-9818-1DDF0E5039FE}"
EndProject
Project("{FAE04EC0-301F-11D3-BF4B-00C04F79EFBC}") = "QkmRobot", "VisionPlatform.Robot\QkmRobot\QkmRobot.csproj", "{BB47A440-ACC3-4D8C-BDD1-B0B80EE03CD6}"
EndProject
Project("{FAE04EC0-301F-11D3-BF4B-00C04F79EFBC}") = "RandomRobotLocation", "VisionPlatform.Robot\Random\RandomRobotLocation.csproj", "{77E63E24-76B9-4614-B523-750AC132926A}"
EndProject
Project("{FAE04EC0-301F-11D3-BF4B-00C04F79EFBC}") = "GlassesLocateDemo", "Sample\GlassesLocateDemo\GlassesLocateDemo.csproj", "{10609FCE-84DC-4544-951C-1BE48916D4B0}"
EndProject
Project("{FAE04EC0-301F-11D3-BF4B-00C04F79EFBC}") = "HalconDLL", "VisionPlatform.VisionFrame\HalconDLL\HalconDLL.csproj", "{CB1841DF-8515-4416-81A3-691E704AD824}"
EndProject
Project("{FAE04EC0-301F-11D3-BF4B-00C04F79EFBC}") = "VisionProVpp", "VisionPlatform.VisionFrame\VisionProVpp\VisionProVpp.csproj", "{AC9B9144-A9BA-4FDF-9C78-1435AFE4AA00}"
EndProject
Project("{FAE04EC0-301F-11D3-BF4B-00C04F79EFBC}") = "Blob", "VisionPlatform.VisionOperation\Blob\Blob.csproj", "{3CEB6101-224C-46D3-99A4-28C6DCE98092}"
EndProject
Project("{FAE04EC0-301F-11D3-BF4B-00C04F79EFBC}") = "GlassesLocate", "VisionPlatform.VisionOperation\GlassesLocate\GlassesLocate.csproj", "{B59B98B4-3A00-4934-99E6-F6EAD8CD591B}"
EndProject
Project("{FAE04EC0-301F-11D3-BF4B-00C04F79EFBC}") = "AgvLocate", "VisionPlatform.VisionOperation\AgvLocate\AgvLocate.csproj", "{CE2BA300-9E4D-4F12-9E89-5FBC9E97D495}"
EndProject
Project("{FAE04EC0-301F-11D3-BF4B-00C04F79EFBC}") = "VisionOperationTemplate", "VisionPlatform.VisionOperation\VisionOperationTemplate\VisionOperationTemplate.csproj", "{26E72CE3-A188-4FD1-BA4D-F6805E643445}"
EndProject
Project("{FAE04EC0-301F-11D3-BF4B-00C04F79EFBC}") = "HalconHdev", "VisionPlatform.VisionFrame\HalconHdev\HalconHdev.csproj", "{7896D182-B48E-4F2B-954A-1D2F4B251314}"
EndProject
Global
	GlobalSection(SolutionConfigurationPlatforms) = preSolution
		Debug|Any CPU = Debug|Any CPU
		Debug|x64 = Debug|x64
		Debug|x86 = Debug|x86
		Release|Any CPU = Release|Any CPU
		Release|x64 = Release|x64
		Release|x86 = Release|x86
	EndGlobalSection
	GlobalSection(ProjectConfigurationPlatforms) = postSolution
		{216A4660-18B8-4C71-B964-744681B43186}.Debug|Any CPU.ActiveCfg = Debug|Any CPU
		{216A4660-18B8-4C71-B964-744681B43186}.Debug|Any CPU.Build.0 = Debug|Any CPU
		{216A4660-18B8-4C71-B964-744681B43186}.Debug|x64.ActiveCfg = Debug|x64
		{216A4660-18B8-4C71-B964-744681B43186}.Debug|x64.Build.0 = Debug|x64
		{216A4660-18B8-4C71-B964-744681B43186}.Debug|x86.ActiveCfg = Debug|x86
		{216A4660-18B8-4C71-B964-744681B43186}.Debug|x86.Build.0 = Debug|x86
		{216A4660-18B8-4C71-B964-744681B43186}.Release|Any CPU.ActiveCfg = Release|Any CPU
		{216A4660-18B8-4C71-B964-744681B43186}.Release|Any CPU.Build.0 = Release|Any CPU
		{216A4660-18B8-4C71-B964-744681B43186}.Release|x64.ActiveCfg = Release|x64
		{216A4660-18B8-4C71-B964-744681B43186}.Release|x64.Build.0 = Release|x64
		{216A4660-18B8-4C71-B964-744681B43186}.Release|x86.ActiveCfg = Release|x86
		{216A4660-18B8-4C71-B964-744681B43186}.Release|x86.Build.0 = Release|x86
		{F62C07D9-B7B1-45F3-BD66-9ABC817C3960}.Debug|Any CPU.ActiveCfg = Debug|Any CPU
		{F62C07D9-B7B1-45F3-BD66-9ABC817C3960}.Debug|Any CPU.Build.0 = Debug|Any CPU
		{F62C07D9-B7B1-45F3-BD66-9ABC817C3960}.Debug|x64.ActiveCfg = Debug|x64
		{F62C07D9-B7B1-45F3-BD66-9ABC817C3960}.Debug|x64.Build.0 = Debug|x64
		{F62C07D9-B7B1-45F3-BD66-9ABC817C3960}.Debug|x86.ActiveCfg = Debug|x86
		{F62C07D9-B7B1-45F3-BD66-9ABC817C3960}.Debug|x86.Build.0 = Debug|x86
		{F62C07D9-B7B1-45F3-BD66-9ABC817C3960}.Release|Any CPU.ActiveCfg = Release|Any CPU
		{F62C07D9-B7B1-45F3-BD66-9ABC817C3960}.Release|Any CPU.Build.0 = Release|Any CPU
		{F62C07D9-B7B1-45F3-BD66-9ABC817C3960}.Release|x64.ActiveCfg = Release|x64
		{F62C07D9-B7B1-45F3-BD66-9ABC817C3960}.Release|x64.Build.0 = Release|x64
		{F62C07D9-B7B1-45F3-BD66-9ABC817C3960}.Release|x86.ActiveCfg = Release|x86
		{F62C07D9-B7B1-45F3-BD66-9ABC817C3960}.Release|x86.Build.0 = Release|x86
		{C67FD7FF-D5FC-4DB9-8EFD-4EA53D40F633}.Debug|Any CPU.ActiveCfg = Debug|Any CPU
		{C67FD7FF-D5FC-4DB9-8EFD-4EA53D40F633}.Debug|Any CPU.Build.0 = Debug|Any CPU
		{C67FD7FF-D5FC-4DB9-8EFD-4EA53D40F633}.Debug|x64.ActiveCfg = Debug|x64
		{C67FD7FF-D5FC-4DB9-8EFD-4EA53D40F633}.Debug|x64.Build.0 = Debug|x64
		{C67FD7FF-D5FC-4DB9-8EFD-4EA53D40F633}.Debug|x86.ActiveCfg = Debug|x86
		{C67FD7FF-D5FC-4DB9-8EFD-4EA53D40F633}.Debug|x86.Build.0 = Debug|x86
		{C67FD7FF-D5FC-4DB9-8EFD-4EA53D40F633}.Release|Any CPU.ActiveCfg = Release|Any CPU
		{C67FD7FF-D5FC-4DB9-8EFD-4EA53D40F633}.Release|Any CPU.Build.0 = Release|Any CPU
		{C67FD7FF-D5FC-4DB9-8EFD-4EA53D40F633}.Release|x64.ActiveCfg = Release|x64
		{C67FD7FF-D5FC-4DB9-8EFD-4EA53D40F633}.Release|x64.Build.0 = Release|x64
		{C67FD7FF-D5FC-4DB9-8EFD-4EA53D40F633}.Release|x86.ActiveCfg = Release|x86
		{C67FD7FF-D5FC-4DB9-8EFD-4EA53D40F633}.Release|x86.Build.0 = Release|x86
		{5B3A3249-D01F-4A43-98AC-4FB4CEEB7ECC}.Debug|Any CPU.ActiveCfg = Debug|Any CPU
		{5B3A3249-D01F-4A43-98AC-4FB4CEEB7ECC}.Debug|Any CPU.Build.0 = Debug|Any CPU
		{5B3A3249-D01F-4A43-98AC-4FB4CEEB7ECC}.Debug|x64.ActiveCfg = Debug|x64
		{5B3A3249-D01F-4A43-98AC-4FB4CEEB7ECC}.Debug|x64.Build.0 = Debug|x64
		{5B3A3249-D01F-4A43-98AC-4FB4CEEB7ECC}.Debug|x86.ActiveCfg = Debug|Any CPU
		{5B3A3249-D01F-4A43-98AC-4FB4CEEB7ECC}.Debug|x86.Build.0 = Debug|Any CPU
		{5B3A3249-D01F-4A43-98AC-4FB4CEEB7ECC}.Release|Any CPU.ActiveCfg = Release|Any CPU
		{5B3A3249-D01F-4A43-98AC-4FB4CEEB7ECC}.Release|Any CPU.Build.0 = Release|Any CPU
		{5B3A3249-D01F-4A43-98AC-4FB4CEEB7ECC}.Release|x64.ActiveCfg = Release|Any CPU
		{5B3A3249-D01F-4A43-98AC-4FB4CEEB7ECC}.Release|x64.Build.0 = Release|Any CPU
		{5B3A3249-D01F-4A43-98AC-4FB4CEEB7ECC}.Release|x86.ActiveCfg = Release|Any CPU
		{5B3A3249-D01F-4A43-98AC-4FB4CEEB7ECC}.Release|x86.Build.0 = Release|Any CPU
		{5E9CC37A-CBBC-405E-9818-1DDF0E5039FE}.Debug|Any CPU.ActiveCfg = Debug|Any CPU
		{5E9CC37A-CBBC-405E-9818-1DDF0E5039FE}.Debug|Any CPU.Build.0 = Debug|Any CPU
		{5E9CC37A-CBBC-405E-9818-1DDF0E5039FE}.Debug|x64.ActiveCfg = Debug|x64
		{5E9CC37A-CBBC-405E-9818-1DDF0E5039FE}.Debug|x64.Build.0 = Debug|x64
		{5E9CC37A-CBBC-405E-9818-1DDF0E5039FE}.Debug|x86.ActiveCfg = Debug|Any CPU
		{5E9CC37A-CBBC-405E-9818-1DDF0E5039FE}.Debug|x86.Build.0 = Debug|Any CPU
		{5E9CC37A-CBBC-405E-9818-1DDF0E5039FE}.Release|Any CPU.ActiveCfg = Release|Any CPU
		{5E9CC37A-CBBC-405E-9818-1DDF0E5039FE}.Release|Any CPU.Build.0 = Release|Any CPU
		{5E9CC37A-CBBC-405E-9818-1DDF0E5039FE}.Release|x64.ActiveCfg = Release|Any CPU
		{5E9CC37A-CBBC-405E-9818-1DDF0E5039FE}.Release|x64.Build.0 = Release|Any CPU
		{5E9CC37A-CBBC-405E-9818-1DDF0E5039FE}.Release|x86.ActiveCfg = Release|Any CPU
		{5E9CC37A-CBBC-405E-9818-1DDF0E5039FE}.Release|x86.Build.0 = Release|Any CPU
		{BB47A440-ACC3-4D8C-BDD1-B0B80EE03CD6}.Debug|Any CPU.ActiveCfg = Debug|Any CPU
		{BB47A440-ACC3-4D8C-BDD1-B0B80EE03CD6}.Debug|Any CPU.Build.0 = Debug|Any CPU
		{BB47A440-ACC3-4D8C-BDD1-B0B80EE03CD6}.Debug|x64.ActiveCfg = Debug|x64
		{BB47A440-ACC3-4D8C-BDD1-B0B80EE03CD6}.Debug|x64.Build.0 = Debug|x64
		{BB47A440-ACC3-4D8C-BDD1-B0B80EE03CD6}.Debug|x86.ActiveCfg = Debug|Any CPU
		{BB47A440-ACC3-4D8C-BDD1-B0B80EE03CD6}.Debug|x86.Build.0 = Debug|Any CPU
		{BB47A440-ACC3-4D8C-BDD1-B0B80EE03CD6}.Release|Any CPU.ActiveCfg = Release|Any CPU
		{BB47A440-ACC3-4D8C-BDD1-B0B80EE03CD6}.Release|Any CPU.Build.0 = Release|Any CPU
		{BB47A440-ACC3-4D8C-BDD1-B0B80EE03CD6}.Release|x64.ActiveCfg = Release|Any CPU
		{BB47A440-ACC3-4D8C-BDD1-B0B80EE03CD6}.Release|x64.Build.0 = Release|Any CPU
		{BB47A440-ACC3-4D8C-BDD1-B0B80EE03CD6}.Release|x86.ActiveCfg = Release|Any CPU
		{BB47A440-ACC3-4D8C-BDD1-B0B80EE03CD6}.Release|x86.Build.0 = Release|Any CPU
		{77E63E24-76B9-4614-B523-750AC132926A}.Debug|Any CPU.ActiveCfg = Debug|Any CPU
		{77E63E24-76B9-4614-B523-750AC132926A}.Debug|Any CPU.Build.0 = Debug|Any CPU
		{77E63E24-76B9-4614-B523-750AC132926A}.Debug|x64.ActiveCfg = Debug|x64
		{77E63E24-76B9-4614-B523-750AC132926A}.Debug|x64.Build.0 = Debug|x64
		{77E63E24-76B9-4614-B523-750AC132926A}.Debug|x86.ActiveCfg = Debug|Any CPU
		{77E63E24-76B9-4614-B523-750AC132926A}.Debug|x86.Build.0 = Debug|Any CPU
		{77E63E24-76B9-4614-B523-750AC132926A}.Release|Any CPU.ActiveCfg = Release|Any CPU
		{77E63E24-76B9-4614-B523-750AC132926A}.Release|Any CPU.Build.0 = Release|Any CPU
		{77E63E24-76B9-4614-B523-750AC132926A}.Release|x64.ActiveCfg = Release|Any CPU
		{77E63E24-76B9-4614-B523-750AC132926A}.Release|x64.Build.0 = Release|Any CPU
		{77E63E24-76B9-4614-B523-750AC132926A}.Release|x86.ActiveCfg = Release|Any CPU
		{77E63E24-76B9-4614-B523-750AC132926A}.Release|x86.Build.0 = Release|Any CPU
		{10609FCE-84DC-4544-951C-1BE48916D4B0}.Debug|Any CPU.ActiveCfg = Debug|Any CPU
		{10609FCE-84DC-4544-951C-1BE48916D4B0}.Debug|Any CPU.Build.0 = Debug|Any CPU
		{10609FCE-84DC-4544-951C-1BE48916D4B0}.Debug|x64.ActiveCfg = Debug|x64
		{10609FCE-84DC-4544-951C-1BE48916D4B0}.Debug|x64.Build.0 = Debug|x64
		{10609FCE-84DC-4544-951C-1BE48916D4B0}.Debug|x86.ActiveCfg = Debug|Any CPU
		{10609FCE-84DC-4544-951C-1BE48916D4B0}.Debug|x86.Build.0 = Debug|Any CPU
		{10609FCE-84DC-4544-951C-1BE48916D4B0}.Release|Any CPU.ActiveCfg = Release|Any CPU
		{10609FCE-84DC-4544-951C-1BE48916D4B0}.Release|Any CPU.Build.0 = Release|Any CPU
		{10609FCE-84DC-4544-951C-1BE48916D4B0}.Release|x64.ActiveCfg = Release|Any CPU
		{10609FCE-84DC-4544-951C-1BE48916D4B0}.Release|x64.Build.0 = Release|Any CPU
		{10609FCE-84DC-4544-951C-1BE48916D4B0}.Release|x86.ActiveCfg = Release|Any CPU
		{10609FCE-84DC-4544-951C-1BE48916D4B0}.Release|x86.Build.0 = Release|Any CPU
		{CB1841DF-8515-4416-81A3-691E704AD824}.Debug|Any CPU.ActiveCfg = Debug|Any CPU
		{CB1841DF-8515-4416-81A3-691E704AD824}.Debug|Any CPU.Build.0 = Debug|Any CPU
		{CB1841DF-8515-4416-81A3-691E704AD824}.Debug|x64.ActiveCfg = Debug|x64
		{CB1841DF-8515-4416-81A3-691E704AD824}.Debug|x64.Build.0 = Debug|x64
		{CB1841DF-8515-4416-81A3-691E704AD824}.Debug|x86.ActiveCfg = Debug|Any CPU
		{CB1841DF-8515-4416-81A3-691E704AD824}.Debug|x86.Build.0 = Debug|Any CPU
		{CB1841DF-8515-4416-81A3-691E704AD824}.Release|Any CPU.ActiveCfg = Release|Any CPU
		{CB1841DF-8515-4416-81A3-691E704AD824}.Release|Any CPU.Build.0 = Release|Any CPU
		{CB1841DF-8515-4416-81A3-691E704AD824}.Release|x64.ActiveCfg = Release|Any CPU
		{CB1841DF-8515-4416-81A3-691E704AD824}.Release|x64.Build.0 = Release|Any CPU
		{CB1841DF-8515-4416-81A3-691E704AD824}.Release|x86.ActiveCfg = Release|Any CPU
		{CB1841DF-8515-4416-81A3-691E704AD824}.Release|x86.Build.0 = Release|Any CPU
		{AC9B9144-A9BA-4FDF-9C78-1435AFE4AA00}.Debug|Any CPU.ActiveCfg = Debug|Any CPU
		{AC9B9144-A9BA-4FDF-9C78-1435AFE4AA00}.Debug|Any CPU.Build.0 = Debug|Any CPU
		{AC9B9144-A9BA-4FDF-9C78-1435AFE4AA00}.Debug|x64.ActiveCfg = Debug|x64
		{AC9B9144-A9BA-4FDF-9C78-1435AFE4AA00}.Debug|x64.Build.0 = Debug|x64
		{AC9B9144-A9BA-4FDF-9C78-1435AFE4AA00}.Debug|x86.ActiveCfg = Debug|Any CPU
		{AC9B9144-A9BA-4FDF-9C78-1435AFE4AA00}.Debug|x86.Build.0 = Debug|Any CPU
		{AC9B9144-A9BA-4FDF-9C78-1435AFE4AA00}.Release|Any CPU.ActiveCfg = Release|Any CPU
		{AC9B9144-A9BA-4FDF-9C78-1435AFE4AA00}.Release|Any CPU.Build.0 = Release|Any CPU
		{AC9B9144-A9BA-4FDF-9C78-1435AFE4AA00}.Release|x64.ActiveCfg = Release|Any CPU
		{AC9B9144-A9BA-4FDF-9C78-1435AFE4AA00}.Release|x64.Build.0 = Release|Any CPU
		{AC9B9144-A9BA-4FDF-9C78-1435AFE4AA00}.Release|x86.ActiveCfg = Release|Any CPU
		{AC9B9144-A9BA-4FDF-9C78-1435AFE4AA00}.Release|x86.Build.0 = Release|Any CPU
		{3CEB6101-224C-46D3-99A4-28C6DCE98092}.Debug|Any CPU.ActiveCfg = Debug|Any CPU
		{3CEB6101-224C-46D3-99A4-28C6DCE98092}.Debug|Any CPU.Build.0 = Debug|Any CPU
		{3CEB6101-224C-46D3-99A4-28C6DCE98092}.Debug|x64.ActiveCfg = Debug|x64
		{3CEB6101-224C-46D3-99A4-28C6DCE98092}.Debug|x64.Build.0 = Debug|x64
		{3CEB6101-224C-46D3-99A4-28C6DCE98092}.Debug|x86.ActiveCfg = Debug|Any CPU
		{3CEB6101-224C-46D3-99A4-28C6DCE98092}.Debug|x86.Build.0 = Debug|Any CPU
		{3CEB6101-224C-46D3-99A4-28C6DCE98092}.Release|Any CPU.ActiveCfg = Release|Any CPU
		{3CEB6101-224C-46D3-99A4-28C6DCE98092}.Release|Any CPU.Build.0 = Release|Any CPU
		{3CEB6101-224C-46D3-99A4-28C6DCE98092}.Release|x64.ActiveCfg = Release|x64
		{3CEB6101-224C-46D3-99A4-28C6DCE98092}.Release|x64.Build.0 = Release|x64
		{3CEB6101-224C-46D3-99A4-28C6DCE98092}.Release|x86.ActiveCfg = Release|Any CPU
		{3CEB6101-224C-46D3-99A4-28C6DCE98092}.Release|x86.Build.0 = Release|Any CPU
		{B59B98B4-3A00-4934-99E6-F6EAD8CD591B}.Debug|Any CPU.ActiveCfg = Debug|Any CPU
		{B59B98B4-3A00-4934-99E6-F6EAD8CD591B}.Debug|Any CPU.Build.0 = Debug|Any CPU
		{B59B98B4-3A00-4934-99E6-F6EAD8CD591B}.Debug|x64.ActiveCfg = Debug|x64
		{B59B98B4-3A00-4934-99E6-F6EAD8CD591B}.Debug|x64.Build.0 = Debug|x64
		{B59B98B4-3A00-4934-99E6-F6EAD8CD591B}.Debug|x86.ActiveCfg = Debug|Any CPU
		{B59B98B4-3A00-4934-99E6-F6EAD8CD591B}.Debug|x86.Build.0 = Debug|Any CPU
		{B59B98B4-3A00-4934-99E6-F6EAD8CD591B}.Release|Any CPU.ActiveCfg = Release|Any CPU
		{B59B98B4-3A00-4934-99E6-F6EAD8CD591B}.Release|Any CPU.Build.0 = Release|Any CPU
		{B59B98B4-3A00-4934-99E6-F6EAD8CD591B}.Release|x64.ActiveCfg = Release|x64
		{B59B98B4-3A00-4934-99E6-F6EAD8CD591B}.Release|x64.Build.0 = Release|x64
		{B59B98B4-3A00-4934-99E6-F6EAD8CD591B}.Release|x86.ActiveCfg = Release|Any CPU
		{B59B98B4-3A00-4934-99E6-F6EAD8CD591B}.Release|x86.Build.0 = Release|Any CPU
		{CE2BA300-9E4D-4F12-9E89-5FBC9E97D495}.Debug|Any CPU.ActiveCfg = Debug|Any CPU
		{CE2BA300-9E4D-4F12-9E89-5FBC9E97D495}.Debug|Any CPU.Build.0 = Debug|Any CPU
		{CE2BA300-9E4D-4F12-9E89-5FBC9E97D495}.Debug|x64.ActiveCfg = Debug|x64
		{CE2BA300-9E4D-4F12-9E89-5FBC9E97D495}.Debug|x64.Build.0 = Debug|x64
		{CE2BA300-9E4D-4F12-9E89-5FBC9E97D495}.Debug|x86.ActiveCfg = Debug|Any CPU
		{CE2BA300-9E4D-4F12-9E89-5FBC9E97D495}.Debug|x86.Build.0 = Debug|Any CPU
		{CE2BA300-9E4D-4F12-9E89-5FBC9E97D495}.Release|Any CPU.ActiveCfg = Release|Any CPU
		{CE2BA300-9E4D-4F12-9E89-5FBC9E97D495}.Release|Any CPU.Build.0 = Release|Any CPU
		{CE2BA300-9E4D-4F12-9E89-5FBC9E97D495}.Release|x64.ActiveCfg = Release|Any CPU
		{CE2BA300-9E4D-4F12-9E89-5FBC9E97D495}.Release|x64.Build.0 = Release|Any CPU
		{CE2BA300-9E4D-4F12-9E89-5FBC9E97D495}.Release|x86.ActiveCfg = Release|Any CPU
		{CE2BA300-9E4D-4F12-9E89-5FBC9E97D495}.Release|x86.Build.0 = Release|Any CPU
		{26E72CE3-A188-4FD1-BA4D-F6805E643445}.Debug|Any CPU.ActiveCfg = Debug|Any CPU
		{26E72CE3-A188-4FD1-BA4D-F6805E643445}.Debug|Any CPU.Build.0 = Debug|Any CPU
		{26E72CE3-A188-4FD1-BA4D-F6805E643445}.Debug|x64.ActiveCfg = Debug|x64
		{26E72CE3-A188-4FD1-BA4D-F6805E643445}.Debug|x64.Build.0 = Debug|x64
		{26E72CE3-A188-4FD1-BA4D-F6805E643445}.Debug|x86.ActiveCfg = Debug|Any CPU
		{26E72CE3-A188-4FD1-BA4D-F6805E643445}.Debug|x86.Build.0 = Debug|Any CPU
		{26E72CE3-A188-4FD1-BA4D-F6805E643445}.Release|Any CPU.ActiveCfg = Release|Any CPU
		{26E72CE3-A188-4FD1-BA4D-F6805E643445}.Release|Any CPU.Build.0 = Release|Any CPU
		{26E72CE3-A188-4FD1-BA4D-F6805E643445}.Release|x64.ActiveCfg = Release|x64
		{26E72CE3-A188-4FD1-BA4D-F6805E643445}.Release|x64.Build.0 = Release|x64
		{26E72CE3-A188-4FD1-BA4D-F6805E643445}.Release|x86.ActiveCfg = Release|Any CPU
		{26E72CE3-A188-4FD1-BA4D-F6805E643445}.Release|x86.Build.0 = Release|Any CPU
		{7896D182-B48E-4F2B-954A-1D2F4B251314}.Debug|Any CPU.ActiveCfg = Debug|Any CPU
		{7896D182-B48E-4F2B-954A-1D2F4B251314}.Debug|Any CPU.Build.0 = Debug|Any CPU
		{7896D182-B48E-4F2B-954A-1D2F4B251314}.Debug|x64.ActiveCfg = Debug|x64
		{7896D182-B48E-4F2B-954A-1D2F4B251314}.Debug|x64.Build.0 = Debug|x64
		{7896D182-B48E-4F2B-954A-1D2F4B251314}.Debug|x86.ActiveCfg = Debug|Any CPU
		{7896D182-B48E-4F2B-954A-1D2F4B251314}.Debug|x86.Build.0 = Debug|Any CPU
		{7896D182-B48E-4F2B-954A-1D2F4B251314}.Release|Any CPU.ActiveCfg = Release|Any CPU
		{7896D182-B48E-4F2B-954A-1D2F4B251314}.Release|Any CPU.Build.0 = Release|Any CPU
		{7896D182-B48E-4F2B-954A-1D2F4B251314}.Release|x64.ActiveCfg = Release|Any CPU
		{7896D182-B48E-4F2B-954A-1D2F4B251314}.Release|x64.Build.0 = Release|Any CPU
		{7896D182-B48E-4F2B-954A-1D2F4B251314}.Release|x86.ActiveCfg = Release|Any CPU
		{7896D182-B48E-4F2B-954A-1D2F4B251314}.Release|x86.Build.0 = Release|Any CPU
	EndGlobalSection
	GlobalSection(SolutionProperties) = preSolution
		HideSolutionNode = FALSE
	EndGlobalSection
	GlobalSection(NestedProjects) = preSolution
		{5B3A3249-D01F-4A43-98AC-4FB4CEEB7ECC} = {4AC99A33-CEED-4C72-A72A-0EF744579B50}
		{5E9CC37A-CBBC-405E-9818-1DDF0E5039FE} = {5393BE8A-BC75-413F-9182-10D785446D34}
		{BB47A440-ACC3-4D8C-BDD1-B0B80EE03CD6} = {5393BE8A-BC75-413F-9182-10D785446D34}
		{77E63E24-76B9-4614-B523-750AC132926A} = {5393BE8A-BC75-413F-9182-10D785446D34}
		{10609FCE-84DC-4544-951C-1BE48916D4B0} = {4AC99A33-CEED-4C72-A72A-0EF744579B50}
		{CB1841DF-8515-4416-81A3-691E704AD824} = {1B2A17D6-9F0F-4BA5-930A-84CDEE2C0137}
		{AC9B9144-A9BA-4FDF-9C78-1435AFE4AA00} = {1B2A17D6-9F0F-4BA5-930A-84CDEE2C0137}
		{3CEB6101-224C-46D3-99A4-28C6DCE98092} = {43F9884C-8AC0-4BF0-9D15-99B79D5332B6}
		{B59B98B4-3A00-4934-99E6-F6EAD8CD591B} = {43F9884C-8AC0-4BF0-9D15-99B79D5332B6}
		{CE2BA300-9E4D-4F12-9E89-5FBC9E97D495} = {43F9884C-8AC0-4BF0-9D15-99B79D5332B6}
		{26E72CE3-A188-4FD1-BA4D-F6805E643445} = {43F9884C-8AC0-4BF0-9D15-99B79D5332B6}
		{7896D182-B48E-4F2B-954A-1D2F4B251314} = {1B2A17D6-9F0F-4BA5-930A-84CDEE2C0137}
	EndGlobalSection
	GlobalSection(ExtensibilityGlobals) = postSolution
		SolutionGuid = {1EC6FD06-F01F-434E-B785-2BA965A5BD61}
	EndGlobalSection
EndGlobal
