
Microsoft Visual Studio Solution File, Format Version 12.00
# Visual Studio Version 16
VisualStudioVersion = 16.0.29102.190
MinimumVisualStudioVersion = 10.0.40219.1
Project("{FAE04EC0-301F-11D3-BF4B-00C04F79EFBC}") = "VisionPlatform.Wpf", "VisionPlatform.Wpf\VisionPlatform.Wpf.csproj", "{216A4660-18B8-4C71-B964-744681B43186}"
EndProject
Project("{FAE04EC0-301F-11D3-BF4B-00C04F79EFBC}") = "VisionPlatform.BaseType", "VisionPlatform.BaseType\VisionPlatform.BaseType.csproj", "{F62C07D9-B7B1-45F3-BD66-9ABC817C3960}"
EndProject
Project("{FAE04EC0-301F-11D3-BF4B-00C04F79EFBC}") = "VisionPlatform.Core", "VisionPlatform.Core\VisionPlatform.Core.csproj", "{C67FD7FF-D5FC-4DB9-8EFD-4EA53D40F633}"
EndProject
Project("{2150E333-8FDC-42A3-9474-1A3956D46DE8}") = "VisionPlatform.VisionFrame", "VisionPlatform.VisionFrame", "{1B2A17D6-9F0F-4BA5-930A-84CDEE2C0137}"
EndProject
Project("{2150E333-8FDC-42A3-9474-1A3956D46DE8}") = "VisionPlatform.VisionOpera", "VisionPlatform.VisionOpera", "{43F9884C-8AC0-4BF0-9D15-99B79D5332B6}"
EndProject
Project("{FAE04EC0-301F-11D3-BF4B-00C04F79EFBC}") = "VisionPlatform.HalconVisionFrame", "VisionPlatform.VisionFrame\VisionPlatform.HalconVisionFrame\VisionPlatform.HalconVisionFrame.csproj", "{9F4A9155-E72D-4CAF-AFF9-ACB9C2F2DFD7}"
EndProject
Project("{FAE04EC0-301F-11D3-BF4B-00C04F79EFBC}") = "VisionPlatform.HalconOperaDemo", "VisionPlatform.VisionOpera\VisionPlatform.HalconOperaDemo\VisionPlatform.HalconOperaDemo.csproj", "{6C974688-AE41-4197-AA0F-847301B108AD}"
EndProject
Project("{2150E333-8FDC-42A3-9474-1A3956D46DE8}") = "Sample", "Sample", "{4AC99A33-CEED-4C72-A72A-0EF744579B50}"
EndProject
Project("{FAE04EC0-301F-11D3-BF4B-00C04F79EFBC}") = "VisionPlatform.VisionProVisionFrame", "VisionPlatform.VisionFrame\VisionPlatform.VisionProVisionFrame\VisionPlatform.VisionProVisionFrame.csproj", "{921CD44F-D491-4A0D-8623-2C68F9C16959}"
EndProject
Project("{FAE04EC0-301F-11D3-BF4B-00C04F79EFBC}") = "SceneConfigDemo", "Sample\SceneConfigDemo\SceneConfigDemo.csproj", "{95F4676E-7114-4ADB-B5AC-E42A25A0CF03}"
EndProject
Project("{FAE04EC0-301F-11D3-BF4B-00C04F79EFBC}") = "CameraDemo", "Sample\CameraDemo\CameraDemo.csproj", "{20C8FDE7-BB2A-4FEA-8B35-B31A56BF8768}"
EndProject
Project("{FAE04EC0-301F-11D3-BF4B-00C04F79EFBC}") = "VisionPlatformDemo", "Sample\VisionPlatformDemo\VisionPlatformDemo.csproj", "{5B3A3249-D01F-4A43-98AC-4FB4CEEB7ECC}"
EndProject
Project("{FAE04EC0-301F-11D3-BF4B-00C04F79EFBC}") = "UncalibratedDeformableModel", "VisionPlatform.VisionOpera\UncalibratedDeformableModel\UncalibratedDeformableModel.csproj", "{6DAB2D71-9B50-4BCE-BE47-A9692314D316}"
EndProject
Global
	GlobalSection(SolutionConfigurationPlatforms) = preSolution
		Debug|Any CPU = Debug|Any CPU
		Debug|x64 = Debug|x64
		Debug|x86 = Debug|x86
		Release|Any CPU = Release|Any CPU
		Release|x64 = Release|x64
		Release|x86 = Release|x86
	EndGlobalSection
	GlobalSection(ProjectConfigurationPlatforms) = postSolution
		{216A4660-18B8-4C71-B964-744681B43186}.Debug|Any CPU.ActiveCfg = Debug|Any CPU
		{216A4660-18B8-4C71-B964-744681B43186}.Debug|Any CPU.Build.0 = Debug|Any CPU
		{216A4660-18B8-4C71-B964-744681B43186}.Debug|x64.ActiveCfg = Debug|x64
		{216A4660-18B8-4C71-B964-744681B43186}.Debug|x64.Build.0 = Debug|x64
		{216A4660-18B8-4C71-B964-744681B43186}.Debug|x86.ActiveCfg = Debug|x86
		{216A4660-18B8-4C71-B964-744681B43186}.Debug|x86.Build.0 = Debug|x86
		{216A4660-18B8-4C71-B964-744681B43186}.Release|Any CPU.ActiveCfg = Release|Any CPU
		{216A4660-18B8-4C71-B964-744681B43186}.Release|Any CPU.Build.0 = Release|Any CPU
		{216A4660-18B8-4C71-B964-744681B43186}.Release|x64.ActiveCfg = Release|x64
		{216A4660-18B8-4C71-B964-744681B43186}.Release|x64.Build.0 = Release|x64
		{216A4660-18B8-4C71-B964-744681B43186}.Release|x86.ActiveCfg = Release|x86
		{216A4660-18B8-4C71-B964-744681B43186}.Release|x86.Build.0 = Release|x86
		{F62C07D9-B7B1-45F3-BD66-9ABC817C3960}.Debug|Any CPU.ActiveCfg = Debug|Any CPU
		{F62C07D9-B7B1-45F3-BD66-9ABC817C3960}.Debug|Any CPU.Build.0 = Debug|Any CPU
		{F62C07D9-B7B1-45F3-BD66-9ABC817C3960}.Debug|x64.ActiveCfg = Debug|x64
		{F62C07D9-B7B1-45F3-BD66-9ABC817C3960}.Debug|x64.Build.0 = Debug|x64
		{F62C07D9-B7B1-45F3-BD66-9ABC817C3960}.Debug|x86.ActiveCfg = Debug|x86
		{F62C07D9-B7B1-45F3-BD66-9ABC817C3960}.Debug|x86.Build.0 = Debug|x86
		{F62C07D9-B7B1-45F3-BD66-9ABC817C3960}.Release|Any CPU.ActiveCfg = Release|Any CPU
		{F62C07D9-B7B1-45F3-BD66-9ABC817C3960}.Release|Any CPU.Build.0 = Release|Any CPU
		{F62C07D9-B7B1-45F3-BD66-9ABC817C3960}.Release|x64.ActiveCfg = Release|x64
		{F62C07D9-B7B1-45F3-BD66-9ABC817C3960}.Release|x64.Build.0 = Release|x64
		{F62C07D9-B7B1-45F3-BD66-9ABC817C3960}.Release|x86.ActiveCfg = Release|x86
		{F62C07D9-B7B1-45F3-BD66-9ABC817C3960}.Release|x86.Build.0 = Release|x86
		{C67FD7FF-D5FC-4DB9-8EFD-4EA53D40F633}.Debug|Any CPU.ActiveCfg = Debug|Any CPU
		{C67FD7FF-D5FC-4DB9-8EFD-4EA53D40F633}.Debug|Any CPU.Build.0 = Debug|Any CPU
		{C67FD7FF-D5FC-4DB9-8EFD-4EA53D40F633}.Debug|x64.ActiveCfg = Debug|x64
		{C67FD7FF-D5FC-4DB9-8EFD-4EA53D40F633}.Debug|x64.Build.0 = Debug|x64
		{C67FD7FF-D5FC-4DB9-8EFD-4EA53D40F633}.Debug|x86.ActiveCfg = Debug|x86
		{C67FD7FF-D5FC-4DB9-8EFD-4EA53D40F633}.Debug|x86.Build.0 = Debug|x86
		{C67FD7FF-D5FC-4DB9-8EFD-4EA53D40F633}.Release|Any CPU.ActiveCfg = Release|Any CPU
		{C67FD7FF-D5FC-4DB9-8EFD-4EA53D40F633}.Release|Any CPU.Build.0 = Release|Any CPU
		{C67FD7FF-D5FC-4DB9-8EFD-4EA53D40F633}.Release|x64.ActiveCfg = Release|x64
		{C67FD7FF-D5FC-4DB9-8EFD-4EA53D40F633}.Release|x64.Build.0 = Release|x64
		{C67FD7FF-D5FC-4DB9-8EFD-4EA53D40F633}.Release|x86.ActiveCfg = Release|x86
		{C67FD7FF-D5FC-4DB9-8EFD-4EA53D40F633}.Release|x86.Build.0 = Release|x86
		{9F4A9155-E72D-4CAF-AFF9-ACB9C2F2DFD7}.Debug|Any CPU.ActiveCfg = Debug|Any CPU
		{9F4A9155-E72D-4CAF-AFF9-ACB9C2F2DFD7}.Debug|Any CPU.Build.0 = Debug|Any CPU
		{9F4A9155-E72D-4CAF-AFF9-ACB9C2F2DFD7}.Debug|x64.ActiveCfg = Debug|x64
		{9F4A9155-E72D-4CAF-AFF9-ACB9C2F2DFD7}.Debug|x64.Build.0 = Debug|x64
		{9F4A9155-E72D-4CAF-AFF9-ACB9C2F2DFD7}.Debug|x86.ActiveCfg = Debug|x86
		{9F4A9155-E72D-4CAF-AFF9-ACB9C2F2DFD7}.Debug|x86.Build.0 = Debug|x86
		{9F4A9155-E72D-4CAF-AFF9-ACB9C2F2DFD7}.Release|Any CPU.ActiveCfg = Release|Any CPU
		{9F4A9155-E72D-4CAF-AFF9-ACB9C2F2DFD7}.Release|Any CPU.Build.0 = Release|Any CPU
		{9F4A9155-E72D-4CAF-AFF9-ACB9C2F2DFD7}.Release|x64.ActiveCfg = Release|x64
		{9F4A9155-E72D-4CAF-AFF9-ACB9C2F2DFD7}.Release|x64.Build.0 = Release|x64
		{9F4A9155-E72D-4CAF-AFF9-ACB9C2F2DFD7}.Release|x86.ActiveCfg = Release|x86
		{9F4A9155-E72D-4CAF-AFF9-ACB9C2F2DFD7}.Release|x86.Build.0 = Release|x86
		{6C974688-AE41-4197-AA0F-847301B108AD}.Debug|Any CPU.ActiveCfg = Debug|Any CPU
		{6C974688-AE41-4197-AA0F-847301B108AD}.Debug|Any CPU.Build.0 = Debug|Any CPU
		{6C974688-AE41-4197-AA0F-847301B108AD}.Debug|x64.ActiveCfg = Debug|x64
		{6C974688-AE41-4197-AA0F-847301B108AD}.Debug|x64.Build.0 = Debug|x64
		{6C974688-AE41-4197-AA0F-847301B108AD}.Debug|x86.ActiveCfg = Debug|x86
		{6C974688-AE41-4197-AA0F-847301B108AD}.Debug|x86.Build.0 = Debug|x86
		{6C974688-AE41-4197-AA0F-847301B108AD}.Release|Any CPU.ActiveCfg = Release|Any CPU
		{6C974688-AE41-4197-AA0F-847301B108AD}.Release|Any CPU.Build.0 = Release|Any CPU
		{6C974688-AE41-4197-AA0F-847301B108AD}.Release|x64.ActiveCfg = Release|x64
		{6C974688-AE41-4197-AA0F-847301B108AD}.Release|x64.Build.0 = Release|x64
		{6C974688-AE41-4197-AA0F-847301B108AD}.Release|x86.ActiveCfg = Release|x86
		{6C974688-AE41-4197-AA0F-847301B108AD}.Release|x86.Build.0 = Release|x86
		{921CD44F-D491-4A0D-8623-2C68F9C16959}.Debug|Any CPU.ActiveCfg = Debug|Any CPU
		{921CD44F-D491-4A0D-8623-2C68F9C16959}.Debug|Any CPU.Build.0 = Debug|Any CPU
		{921CD44F-D491-4A0D-8623-2C68F9C16959}.Debug|x64.ActiveCfg = Debug|x64
		{921CD44F-D491-4A0D-8623-2C68F9C16959}.Debug|x64.Build.0 = Debug|x64
		{921CD44F-D491-4A0D-8623-2C68F9C16959}.Debug|x86.ActiveCfg = Debug|x86
		{921CD44F-D491-4A0D-8623-2C68F9C16959}.Debug|x86.Build.0 = Debug|x86
		{921CD44F-D491-4A0D-8623-2C68F9C16959}.Release|Any CPU.ActiveCfg = Release|Any CPU
		{921CD44F-D491-4A0D-8623-2C68F9C16959}.Release|Any CPU.Build.0 = Release|Any CPU
		{921CD44F-D491-4A0D-8623-2C68F9C16959}.Release|x64.ActiveCfg = Release|x64
		{921CD44F-D491-4A0D-8623-2C68F9C16959}.Release|x64.Build.0 = Release|x64
		{921CD44F-D491-4A0D-8623-2C68F9C16959}.Release|x86.ActiveCfg = Release|x86
		{921CD44F-D491-4A0D-8623-2C68F9C16959}.Release|x86.Build.0 = Release|x86
		{95F4676E-7114-4ADB-B5AC-E42A25A0CF03}.Debug|Any CPU.ActiveCfg = Debug|Any CPU
		{95F4676E-7114-4ADB-B5AC-E42A25A0CF03}.Debug|Any CPU.Build.0 = Debug|Any CPU
		{95F4676E-7114-4ADB-B5AC-E42A25A0CF03}.Debug|x64.ActiveCfg = Debug|x64
		{95F4676E-7114-4ADB-B5AC-E42A25A0CF03}.Debug|x64.Build.0 = Debug|x64
		{95F4676E-7114-4ADB-B5AC-E42A25A0CF03}.Debug|x86.ActiveCfg = Debug|x86
		{95F4676E-7114-4ADB-B5AC-E42A25A0CF03}.Debug|x86.Build.0 = Debug|x86
		{95F4676E-7114-4ADB-B5AC-E42A25A0CF03}.Release|Any CPU.ActiveCfg = Release|Any CPU
		{95F4676E-7114-4ADB-B5AC-E42A25A0CF03}.Release|Any CPU.Build.0 = Release|Any CPU
		{95F4676E-7114-4ADB-B5AC-E42A25A0CF03}.Release|x64.ActiveCfg = Release|x64
		{95F4676E-7114-4ADB-B5AC-E42A25A0CF03}.Release|x64.Build.0 = Release|x64
		{95F4676E-7114-4ADB-B5AC-E42A25A0CF03}.Release|x86.ActiveCfg = Release|x86
		{95F4676E-7114-4ADB-B5AC-E42A25A0CF03}.Release|x86.Build.0 = Release|x86
		{20C8FDE7-BB2A-4FEA-8B35-B31A56BF8768}.Debug|Any CPU.ActiveCfg = Debug|Any CPU
		{20C8FDE7-BB2A-4FEA-8B35-B31A56BF8768}.Debug|Any CPU.Build.0 = Debug|Any CPU
		{20C8FDE7-BB2A-4FEA-8B35-B31A56BF8768}.Debug|x64.ActiveCfg = Debug|x64
		{20C8FDE7-BB2A-4FEA-8B35-B31A56BF8768}.Debug|x64.Build.0 = Debug|x64
		{20C8FDE7-BB2A-4FEA-8B35-B31A56BF8768}.Debug|x86.ActiveCfg = Debug|x86
		{20C8FDE7-BB2A-4FEA-8B35-B31A56BF8768}.Debug|x86.Build.0 = Debug|x86
		{20C8FDE7-BB2A-4FEA-8B35-B31A56BF8768}.Release|Any CPU.ActiveCfg = Release|Any CPU
		{20C8FDE7-BB2A-4FEA-8B35-B31A56BF8768}.Release|Any CPU.Build.0 = Release|Any CPU
		{20C8FDE7-BB2A-4FEA-8B35-B31A56BF8768}.Release|x64.ActiveCfg = Release|x64
		{20C8FDE7-BB2A-4FEA-8B35-B31A56BF8768}.Release|x64.Build.0 = Release|x64
		{20C8FDE7-BB2A-4FEA-8B35-B31A56BF8768}.Release|x86.ActiveCfg = Release|x86
		{20C8FDE7-BB2A-4FEA-8B35-B31A56BF8768}.Release|x86.Build.0 = Release|x86
		{5B3A3249-D01F-4A43-98AC-4FB4CEEB7ECC}.Debug|Any CPU.ActiveCfg = Debug|Any CPU
		{5B3A3249-D01F-4A43-98AC-4FB4CEEB7ECC}.Debug|Any CPU.Build.0 = Debug|Any CPU
		{5B3A3249-D01F-4A43-98AC-4FB4CEEB7ECC}.Debug|x64.ActiveCfg = Debug|x64
		{5B3A3249-D01F-4A43-98AC-4FB4CEEB7ECC}.Debug|x64.Build.0 = Debug|x64
		{5B3A3249-D01F-4A43-98AC-4FB4CEEB7ECC}.Debug|x86.ActiveCfg = Debug|Any CPU
		{5B3A3249-D01F-4A43-98AC-4FB4CEEB7ECC}.Debug|x86.Build.0 = Debug|Any CPU
		{5B3A3249-D01F-4A43-98AC-4FB4CEEB7ECC}.Release|Any CPU.ActiveCfg = Release|Any CPU
		{5B3A3249-D01F-4A43-98AC-4FB4CEEB7ECC}.Release|Any CPU.Build.0 = Release|Any CPU
		{5B3A3249-D01F-4A43-98AC-4FB4CEEB7ECC}.Release|x64.ActiveCfg = Release|Any CPU
		{5B3A3249-D01F-4A43-98AC-4FB4CEEB7ECC}.Release|x64.Build.0 = Release|Any CPU
		{5B3A3249-D01F-4A43-98AC-4FB4CEEB7ECC}.Release|x86.ActiveCfg = Release|Any CPU
		{5B3A3249-D01F-4A43-98AC-4FB4CEEB7ECC}.Release|x86.Build.0 = Release|Any CPU
		{6DAB2D71-9B50-4BCE-BE47-A9692314D316}.Debug|Any CPU.ActiveCfg = Debug|Any CPU
		{6DAB2D71-9B50-4BCE-BE47-A9692314D316}.Debug|Any CPU.Build.0 = Debug|Any CPU
		{6DAB2D71-9B50-4BCE-BE47-A9692314D316}.Debug|x64.ActiveCfg = Debug|Any CPU
		{6DAB2D71-9B50-4BCE-BE47-A9692314D316}.Debug|x64.Build.0 = Debug|Any CPU
		{6DAB2D71-9B50-4BCE-BE47-A9692314D316}.Debug|x86.ActiveCfg = Debug|Any CPU
		{6DAB2D71-9B50-4BCE-BE47-A9692314D316}.Debug|x86.Build.0 = Debug|Any CPU
		{6DAB2D71-9B50-4BCE-BE47-A9692314D316}.Release|Any CPU.ActiveCfg = Release|Any CPU
		{6DAB2D71-9B50-4BCE-BE47-A9692314D316}.Release|Any CPU.Build.0 = Release|Any CPU
		{6DAB2D71-9B50-4BCE-BE47-A9692314D316}.Release|x64.ActiveCfg = Release|Any CPU
		{6DAB2D71-9B50-4BCE-BE47-A9692314D316}.Release|x64.Build.0 = Release|Any CPU
		{6DAB2D71-9B50-4BCE-BE47-A9692314D316}.Release|x86.ActiveCfg = Release|Any CPU
		{6DAB2D71-9B50-4BCE-BE47-A9692314D316}.Release|x86.Build.0 = Release|Any CPU
	EndGlobalSection
	GlobalSection(SolutionProperties) = preSolution
		HideSolutionNode = FALSE
	EndGlobalSection
	GlobalSection(NestedProjects) = preSolution
		{9F4A9155-E72D-4CAF-AFF9-ACB9C2F2DFD7} = {1B2A17D6-9F0F-4BA5-930A-84CDEE2C0137}
		{6C974688-AE41-4197-AA0F-847301B108AD} = {43F9884C-8AC0-4BF0-9D15-99B79D5332B6}
		{921CD44F-D491-4A0D-8623-2C68F9C16959} = {1B2A17D6-9F0F-4BA5-930A-84CDEE2C0137}
		{95F4676E-7114-4ADB-B5AC-E42A25A0CF03} = {4AC99A33-CEED-4C72-A72A-0EF744579B50}
		{20C8FDE7-BB2A-4FEA-8B35-B31A56BF8768} = {4AC99A33-CEED-4C72-A72A-0EF744579B50}
		{5B3A3249-D01F-4A43-98AC-4FB4CEEB7ECC} = {4AC99A33-CEED-4C72-A72A-0EF744579B50}
		{6DAB2D71-9B50-4BCE-BE47-A9692314D316} = {43F9884C-8AC0-4BF0-9D15-99B79D5332B6}
	EndGlobalSection
	GlobalSection(ExtensibilityGlobals) = postSolution
		SolutionGuid = {1EC6FD06-F01F-434E-B785-2BA965A5BD61}
	EndGlobalSection
EndGlobal
